
Microsoft Visual Studio Solution File, Format Version 11.00
# Visual Studio 2010
Project("{FAE04EC0-301F-11D3-BF4B-00C04F79EFBC}") = "Assembly-CSharp-firstpass", "Assembly-CSharp-firstpass.csproj", "{df8d7aec-1f4f-ee7b-cc85-fe31865628e0}"
EndProject
Project("{FAE04EC0-301F-11D3-BF4B-00C04F79EFBC}") = "Assembly-CSharp-Editor-firstpass", "Assembly-CSharp-Editor-firstpass.csproj", "{05304d4d-f2fe-69fc-5a25-938a0addb91c}"
EndProject
Global
	GlobalSection(SolutionConfigurationPlatforms) = preSolution
		Debug|Any CPU = Debug|Any CPU
	EndGlobalSection
	GlobalSection(ProjectConfigurationPlatforms) = postSolution
		{df8d7aec-1f4f-ee7b-cc85-fe31865628e0}.Debug|Any CPU.ActiveCfg = Debug|Any CPU
		{df8d7aec-1f4f-ee7b-cc85-fe31865628e0}.Debug|Any CPU.Build.0 = Debug|Any CPU
		{05304d4d-f2fe-69fc-5a25-938a0addb91c}.Debug|Any CPU.ActiveCfg = Debug|Any CPU
		{05304d4d-f2fe-69fc-5a25-938a0addb91c}.Debug|Any CPU.Build.0 = Debug|Any CPU
	EndGlobalSection
	GlobalSection(SolutionProperties) = preSolution
		HideSolutionNode = FALSE
	EndGlobalSection
EndGlobal
